# THIS IS AN AUTOGENERATED FILE. DO NOT EDIT THIS FILE DIRECTLY.
# yarn lockfile v1


"@hono/node-server@^1.13.1":
  version "1.13.1"
  resolved "https://registry.npmmirror.com/@hono/node-server/-/node-server-1.13.1.tgz#0caf4b66e009d872dc745c9f76b71fb0b64b355d"
  integrity sha512-TSxE6cT5RHnawbjnveexVN7H2Dpn1YaLxQrCOLCUwD+hFbqbFsnJBgdWcYtASqtWVjA+Qgi8uqFug39GsHjo5A==

dotenv@^16.4.5:
  version "16.4.5"
  resolved "https://registry.npmmirror.com/dotenv/-/dotenv-16.4.5.tgz#cdd3b3b604cb327e286b4762e13502f717cb099f"
  integrity sha512-ZmdL2rui+eB2YwhsWzjInR8LldtZHGDoQ1ugH85ppHKwpUHL7j7rN0Ti9NCnGiQbhaZ11FpR+7ao1dNsmduNUg==

hono@^4.6.3:
  version "4.6.3"
  resolved "https://registry.npmmirror.com/hono/-/hono-4.6.3.tgz#78a58a24ea79e00071cff59596486e91e1c1a9d0"
  integrity sha512-0LeEuBNFeSHGqZ9sNVVgZjB1V5fmhkBSB0hZrpqStSMLOWgfLy0dHOvrjbJh0H2khsjet6rbHfWTHY0kpYThKQ==
